
Microsoft Visual Studio Solution File, Format Version 12.00
# Visual Studio Version 16
VisualStudioVersion = 16.0.32413.511
MinimumVisualStudioVersion = 10.0.40219.1
Project("{FAE04EC0-301F-11D3-BF4B-00C04F79EFBC}") = "Homework", "Homework\Homework.csproj", "{E801FF19-F1E0-48BA-8D37-9639C8D9C10C}"
EndProject
Global
	GlobalSection(SolutionConfigurationPlatforms) = preSolution
		Debug|Any CPU = Debug|Any CPU
		Release|Any CPU = Release|Any CPU
	EndGlobalSection
	GlobalSection(ProjectConfigurationPlatforms) = postSolution
		{E801FF19-F1E0-48BA-8D37-9639C8D9C10C}.Debug|Any CPU.ActiveCfg = Debug|Any CPU
		{E801FF19-F1E0-48BA-8D37-9639C8D9C10C}.Debug|Any CPU.Build.0 = Debug|Any CPU
		{E801FF19-F1E0-48BA-8D37-9639C8D9C10C}.Release|Any CPU.ActiveCfg = Release|Any CPU
		{E801FF19-F1E0-48BA-8D37-9639C8D9C10C}.Release|Any CPU.Build.0 = Release|Any CPU
	EndGlobalSection
	GlobalSection(SolutionProperties) = preSolution
		HideSolutionNode = FALSE
	EndGlobalSection
	GlobalSection(ExtensibilityGlobals) = postSolution
		SolutionGuid = {5DB699CE-2998-4AF9-9259-6F88B3B4B647}
	EndGlobalSection
EndGlobal
